PODS:
  - Alamofire (4.5.1)
  - ESPullToRefresh (2.7)
  - QRCodeReaderViewController (4.0.2)
  - SVProgressHUD (2.2.2)

DEPENDENCIES:
  - Alamofire
  - ESPullToRefresh
  - QRCodeReaderViewController
  - SVProgressHUD

SPEC CHECKSUMS:
  Alamofire: 2d95912bf4c34f164fdfc335872e8c312acaea4a
  ESPullToRefresh: 119e2710b82b75536aab2bbe4883ba119fca35c8
  QRCodeReaderViewController: e8f27d035b3e72b1d4b1c61ff66458287e3be0ff
  SVProgressHUD: 59b2d3dabacbd051576d21d32293ca7228dc18b0

PODFILE CHECKSUM: 8987f88774e4fe66fb656414a3a2c64c2eb6b530

COCOAPODS: 1.3.1
