// !$*UTF8*$!
{
	archiveVersion = 1;
	classes = {
	};
	objectVersion = 48;
	objects = {

/* Begin PBXBuildFile section */
		24B8A3CF1FB91707008CD788 /* Entry.swift in Sources */ = {isa = PBXBuildFile; fileRef = 24B8A3CD1FB91707008CD788 /* Entry.swift */; };
		24B8A3D01FB91707008CD788 /* Product.swift in Sources */ = {isa = PBXBuildFile; fileRef = 24B8A3CE1FB91707008CD788 /* Product.swift */; };
		24B8A3D71FB91715008CD788 /* ProductTableHeaderView.xib in Resources */ = {isa = PBXBuildFile; fileRef = 24B8A3D11FB91715008CD788 /* ProductTableHeaderView.xib */; };
		24B8A3D81FB91715008CD788 /* ProductTableViewCell.xib in Resources */ = {isa = PBXBuildFile; fileRef = 24B8A3D21FB91715008CD788 /* ProductTableViewCell.xib */; };
		24B8A3D91FB91715008CD788 /* EntryTableHeaderView.xib in Resources */ = {isa = PBXBuildFile; fileRef = 24B8A3D31FB91715008CD788 /* EntryTableHeaderView.xib */; };
		24B8A3DA1FB91715008CD788 /* EntryTableViewCell.swift in Sources */ = {isa = PBXBuildFile; fileRef = 24B8A3D41FB91715008CD788 /* EntryTableViewCell.swift */; };
		24B8A3DB1FB91715008CD788 /* EntryTableViewCell.xib in Resources */ = {isa = PBXBuildFile; fileRef = 24B8A3D51FB91715008CD788 /* EntryTableViewCell.xib */; };
		24B8A3DC1FB91715008CD788 /* ProductTableViewCell.swift in Sources */ = {isa = PBXBuildFile; fileRef = 24B8A3D61FB91715008CD788 /* ProductTableViewCell.swift */; };
		24B8A3E71FB91723008CD788 /* NewEntryViewController.xib in Resources */ = {isa = PBXBuildFile; fileRef = 24B8A3DD1FB91722008CD788 /* NewEntryViewController.xib */; };
		24B8A3E81FB91723008CD788 /* MovementsViewController.swift in Sources */ = {isa = PBXBuildFile; fileRef = 24B8A3DE1FB91722008CD788 /* MovementsViewController.swift */; };
		24B8A3E91FB91723008CD788 /* EgressViewController.xib in Resources */ = {isa = PBXBuildFile; fileRef = 24B8A3DF1FB91722008CD788 /* EgressViewController.xib */; };
		24B8A3EA1FB91723008CD788 /* NewEntryViewController.swift in Sources */ = {isa = PBXBuildFile; fileRef = 24B8A3E01FB91722008CD788 /* NewEntryViewController.swift */; };
		24B8A3EB1FB91723008CD788 /* StockViewController.swift in Sources */ = {isa = PBXBuildFile; fileRef = 24B8A3E11FB91722008CD788 /* StockViewController.swift */; };
		24B8A3EC1FB91723008CD788 /* EntryViewController.swift in Sources */ = {isa = PBXBuildFile; fileRef = 24B8A3E21FB91723008CD788 /* EntryViewController.swift */; };
		24B8A3ED1FB91723008CD788 /* MovementsViewController.xib in Resources */ = {isa = PBXBuildFile; fileRef = 24B8A3E31FB91723008CD788 /* MovementsViewController.xib */; };
		24B8A3EE1FB91723008CD788 /* StockViewController.xib in Resources */ = {isa = PBXBuildFile; fileRef = 24B8A3E41FB91723008CD788 /* StockViewController.xib */; };
		24B8A3EF1FB91723008CD788 /* EgressViewController.swift in Sources */ = {isa = PBXBuildFile; fileRef = 24B8A3E51FB91723008CD788 /* EgressViewController.swift */; };
		24B8A3F01FB91723008CD788 /* EntryViewController.xib in Resources */ = {isa = PBXBuildFile; fileRef = 24B8A3E61FB91723008CD788 /* EntryViewController.xib */; };
		24B8A3F31FB9175E008CD788 /* DataSource.swift in Sources */ = {isa = PBXBuildFile; fileRef = 24B8A3F21FB9175E008CD788 /* DataSource.swift */; };
		24B8A3F61FB91885008CD788 /* EgressTableHeaderView.xib in Resources */ = {isa = PBXBuildFile; fileRef = 24B8A3F41FB91885008CD788 /* EgressTableHeaderView.xib */; };
		24B8A3F71FB91885008CD788 /* MovementTableHeaderView.xib in Resources */ = {isa = PBXBuildFile; fileRef = 24B8A3F51FB91885008CD788 /* MovementTableHeaderView.xib */; };
		24B8A3FA1FB91922008CD788 /* EgressTableViewCell.xib in Resources */ = {isa = PBXBuildFile; fileRef = 24B8A3F81FB91922008CD788 /* EgressTableViewCell.xib */; };
		24B8A3FB1FB91922008CD788 /* EgressTableViewCell.swift in Sources */ = {isa = PBXBuildFile; fileRef = 24B8A3F91FB91922008CD788 /* EgressTableViewCell.swift */; };
		24B8A3FD1FB91979008CD788 /* Egress.swift in Sources */ = {isa = PBXBuildFile; fileRef = 24B8A3FC1FB91979008CD788 /* Egress.swift */; };
		24B8A4001FB91A0A008CD788 /* MovementTableViewCell.swift in Sources */ = {isa = PBXBuildFile; fileRef = 24B8A3FE1FB91A0A008CD788 /* MovementTableViewCell.swift */; };
		24B8A4011FB91A0A008CD788 /* MovementTableViewCell.xib in Resources */ = {isa = PBXBuildFile; fileRef = 24B8A3FF1FB91A0A008CD788 /* MovementTableViewCell.xib */; };
		24B8A4031FB91A84008CD788 /* Movement.swift in Sources */ = {isa = PBXBuildFile; fileRef = 24B8A4021FB91A84008CD788 /* Movement.swift */; };
		24B8A4061FB92BD5008CD788 /* NewEgressViewController.swift in Sources */ = {isa = PBXBuildFile; fileRef = 24B8A4041FB92BD5008CD788 /* NewEgressViewController.swift */; };
		24B8A4071FB92BD5008CD788 /* NewEgressViewController.xib in Resources */ = {isa = PBXBuildFile; fileRef = 24B8A4051FB92BD5008CD788 /* NewEgressViewController.xib */; };
		24E8A6E81F79BA0C00280D55 /* AppDelegate.swift in Sources */ = {isa = PBXBuildFile; fileRef = 24E8A6E71F79BA0C00280D55 /* AppDelegate.swift */; };
		24E8A6EF1F79BA0C00280D55 /* Assets.xcassets in Resources */ = {isa = PBXBuildFile; fileRef = 24E8A6EE1F79BA0C00280D55 /* Assets.xcassets */; };
		24E8A6F21F79BA0C00280D55 /* LaunchScreen.storyboard in Resources */ = {isa = PBXBuildFile; fileRef = 24E8A6F01F79BA0C00280D55 /* LaunchScreen.storyboard */; };
		7DDED13FD8B6C79AA5A090C0 /* Pods_StockeAR.framework in Frameworks */ = {isa = PBXBuildFile; fileRef = E5745E3030221367F199E7DA /* Pods_StockeAR.framework */; };
/* End PBXBuildFile section */

/* Begin PBXFileReference section */
		243DFA781FBA0AB9008AE24C /* UserNotifications.framework */ = {isa = PBXFileReference; lastKnownFileType = wrapper.framework; name = UserNotifications.framework; path = System/Library/Frameworks/UserNotifications.framework; sourceTree = SDKROOT; };
		24B8A3CD1FB91707008CD788 /* Entry.swift */ = {isa = PBXFileReference; fileEncoding = 4; lastKnownFileType = sourcecode.swift; name = Entry.swift; path = StockeAR/Model/Entry.swift; sourceTree = SOURCE_ROOT; };
		24B8A3CE1FB91707008CD788 /* Product.swift */ = {isa = PBXFileReference; fileEncoding = 4; lastKnownFileType = sourcecode.swift; name = Product.swift; path = StockeAR/Model/Product.swift; sourceTree = SOURCE_ROOT; };
		24B8A3D11FB91715008CD788 /* ProductTableHeaderView.xib */ = {isa = PBXFileReference; fileEncoding = 4; lastKnownFileType = file.xib; name = ProductTableHeaderView.xib; path = StockeAR/View/ProductTableHeaderView.xib; sourceTree = SOURCE_ROOT; };
		24B8A3D21FB91715008CD788 /* ProductTableViewCell.xib */ = {isa = PBXFileReference; fileEncoding = 4; lastKnownFileType = file.xib; name = ProductTableViewCell.xib; path = StockeAR/View/ProductTableViewCell.xib; sourceTree = SOURCE_ROOT; };
		24B8A3D31FB91715008CD788 /* EntryTableHeaderView.xib */ = {isa = PBXFileReference; fileEncoding = 4; lastKnownFileType = file.xib; name = EntryTableHeaderView.xib; path = StockeAR/View/EntryTableHeaderView.xib; sourceTree = SOURCE_ROOT; };
		24B8A3D41FB91715008CD788 /* EntryTableViewCell.swift */ = {isa = PBXFileReference; fileEncoding = 4; lastKnownFileType = sourcecode.swift; name = EntryTableViewCell.swift; path = StockeAR/View/EntryTableViewCell.swift; sourceTree = SOURCE_ROOT; };
		24B8A3D51FB91715008CD788 /* EntryTableViewCell.xib */ = {isa = PBXFileReference; fileEncoding = 4; lastKnownFileType = file.xib; name = EntryTableViewCell.xib; path = StockeAR/View/EntryTableViewCell.xib; sourceTree = SOURCE_ROOT; };
		24B8A3D61FB91715008CD788 /* ProductTableViewCell.swift */ = {isa = PBXFileReference; fileEncoding = 4; lastKnownFileType = sourcecode.swift; name = ProductTableViewCell.swift; path = StockeAR/View/ProductTableViewCell.swift; sourceTree = SOURCE_ROOT; };
		24B8A3DD1FB91722008CD788 /* NewEntryViewController.xib */ = {isa = PBXFileReference; fileEncoding = 4; lastKnownFileType = file.xib; name = NewEntryViewController.xib; path = StockeAR/Controller/NewEntryViewController.xib; sourceTree = SOURCE_ROOT; };
		24B8A3DE1FB91722008CD788 /* MovementsViewController.swift */ = {isa = PBXFileReference; fileEncoding = 4; lastKnownFileType = sourcecode.swift; name = MovementsViewController.swift; path = StockeAR/Controller/MovementsViewController.swift; sourceTree = SOURCE_ROOT; };
		24B8A3DF1FB91722008CD788 /* EgressViewController.xib */ = {isa = PBXFileReference; fileEncoding = 4; lastKnownFileType = file.xib; name = EgressViewController.xib; path = StockeAR/Controller/EgressViewController.xib; sourceTree = SOURCE_ROOT; };
		24B8A3E01FB91722008CD788 /* NewEntryViewController.swift */ = {isa = PBXFileReference; fileEncoding = 4; lastKnownFileType = sourcecode.swift; name = NewEntryViewController.swift; path = StockeAR/Controller/NewEntryViewController.swift; sourceTree = SOURCE_ROOT; };
		24B8A3E11FB91722008CD788 /* StockViewController.swift */ = {isa = PBXFileReference; fileEncoding = 4; lastKnownFileType = sourcecode.swift; name = StockViewController.swift; path = StockeAR/Controller/StockViewController.swift; sourceTree = SOURCE_ROOT; };
		24B8A3E21FB91723008CD788 /* EntryViewController.swift */ = {isa = PBXFileReference; fileEncoding = 4; lastKnownFileType = sourcecode.swift; name = EntryViewController.swift; path = StockeAR/Controller/EntryViewController.swift; sourceTree = SOURCE_ROOT; };
		24B8A3E31FB91723008CD788 /* MovementsViewController.xib */ = {isa = PBXFileReference; fileEncoding = 4; lastKnownFileType = file.xib; name = MovementsViewController.xib; path = StockeAR/Controller/MovementsViewController.xib; sourceTree = SOURCE_ROOT; };
		24B8A3E41FB91723008CD788 /* StockViewController.xib */ = {isa = PBXFileReference; fileEncoding = 4; lastKnownFileType = file.xib; name = StockViewController.xib; path = StockeAR/Controller/StockViewController.xib; sourceTree = SOURCE_ROOT; };
		24B8A3E51FB91723008CD788 /* EgressViewController.swift */ = {isa = PBXFileReference; fileEncoding = 4; lastKnownFileType = sourcecode.swift; name = EgressViewController.swift; path = StockeAR/Controller/EgressViewController.swift; sourceTree = SOURCE_ROOT; };
		24B8A3E61FB91723008CD788 /* EntryViewController.xib */ = {isa = PBXFileReference; fileEncoding = 4; lastKnownFileType = file.xib; name = EntryViewController.xib; path = StockeAR/Controller/EntryViewController.xib; sourceTree = SOURCE_ROOT; };
		24B8A3F21FB9175E008CD788 /* DataSource.swift */ = {isa = PBXFileReference; fileEncoding = 4; lastKnownFileType = sourcecode.swift; name = DataSource.swift; path = StockeAR/Helpers/DataSource.swift; sourceTree = SOURCE_ROOT; };
		24B8A3F41FB91885008CD788 /* EgressTableHeaderView.xib */ = {isa = PBXFileReference; fileEncoding = 4; lastKnownFileType = file.xib; name = EgressTableHeaderView.xib; path = StockeAR/View/EgressTableHeaderView.xib; sourceTree = SOURCE_ROOT; };
		24B8A3F51FB91885008CD788 /* MovementTableHeaderView.xib */ = {isa = PBXFileReference; fileEncoding = 4; lastKnownFileType = file.xib; name = MovementTableHeaderView.xib; path = StockeAR/View/MovementTableHeaderView.xib; sourceTree = SOURCE_ROOT; };
		24B8A3F81FB91922008CD788 /* EgressTableViewCell.xib */ = {isa = PBXFileReference; fileEncoding = 4; lastKnownFileType = file.xib; name = EgressTableViewCell.xib; path = StockeAR/View/EgressTableViewCell.xib; sourceTree = SOURCE_ROOT; };
		24B8A3F91FB91922008CD788 /* EgressTableViewCell.swift */ = {isa = PBXFileReference; fileEncoding = 4; lastKnownFileType = sourcecode.swift; name = EgressTableViewCell.swift; path = StockeAR/View/EgressTableViewCell.swift; sourceTree = SOURCE_ROOT; };
		24B8A3FC1FB91979008CD788 /* Egress.swift */ = {isa = PBXFileReference; fileEncoding = 4; lastKnownFileType = sourcecode.swift; name = Egress.swift; path = StockeAR/Model/Egress.swift; sourceTree = SOURCE_ROOT; };
		24B8A3FE1FB91A0A008CD788 /* MovementTableViewCell.swift */ = {isa = PBXFileReference; fileEncoding = 4; lastKnownFileType = sourcecode.swift; name = MovementTableViewCell.swift; path = StockeAR/View/MovementTableViewCell.swift; sourceTree = SOURCE_ROOT; };
		24B8A3FF1FB91A0A008CD788 /* MovementTableViewCell.xib */ = {isa = PBXFileReference; fileEncoding = 4; lastKnownFileType = file.xib; name = MovementTableViewCell.xib; path = StockeAR/View/MovementTableViewCell.xib; sourceTree = SOURCE_ROOT; };
		24B8A4021FB91A84008CD788 /* Movement.swift */ = {isa = PBXFileReference; fileEncoding = 4; lastKnownFileType = sourcecode.swift; name = Movement.swift; path = StockeAR/Model/Movement.swift; sourceTree = SOURCE_ROOT; };
		24B8A4041FB92BD5008CD788 /* NewEgressViewController.swift */ = {isa = PBXFileReference; lastKnownFileType = sourcecode.swift; name = NewEgressViewController.swift; path = StockeAR/Controller/NewEgressViewController.swift; sourceTree = SOURCE_ROOT; };
		24B8A4051FB92BD5008CD788 /* NewEgressViewController.xib */ = {isa = PBXFileReference; lastKnownFileType = file.xib; name = NewEgressViewController.xib; path = StockeAR/Controller/NewEgressViewController.xib; sourceTree = SOURCE_ROOT; };
		24E8A6E41F79BA0C00280D55 /* StockeAR.app */ = {isa = PBXFileReference; explicitFileType = wrapper.application; includeInIndex = 0; path = StockeAR.app; sourceTree = BUILT_PRODUCTS_DIR; };
		24E8A6E71F79BA0C00280D55 /* AppDelegate.swift */ = {isa = PBXFileReference; lastKnownFileType = sourcecode.swift; path = AppDelegate.swift; sourceTree = "<group>"; };
		24E8A6EE1F79BA0C00280D55 /* Assets.xcassets */ = {isa = PBXFileReference; lastKnownFileType = folder.assetcatalog; path = Assets.xcassets; sourceTree = "<group>"; };
		24E8A6F11F79BA0C00280D55 /* Base */ = {isa = PBXFileReference; lastKnownFileType = file.storyboard; name = Base; path = Base.lproj/LaunchScreen.storyboard; sourceTree = "<group>"; };
		24E8A6F31F79BA0C00280D55 /* Info.plist */ = {isa = PBXFileReference; lastKnownFileType = text.plist.xml; path = Info.plist; sourceTree = "<group>"; };
		79BDB6F83ADCC7E754AA3F45 /* Pods-StockeAR.release.xcconfig */ = {isa = PBXFileReference; includeInIndex = 1; lastKnownFileType = text.xcconfig; name = "Pods-StockeAR.release.xcconfig"; path = "Pods/Target Support Files/Pods-StockeAR/Pods-StockeAR.release.xcconfig"; sourceTree = "<group>"; };
		949A43B3E8EDB7824FF44138 /* Pods-StockeAR.debug.xcconfig */ = {isa = PBXFileReference; includeInIndex = 1; lastKnownFileType = text.xcconfig; name = "Pods-StockeAR.debug.xcconfig"; path = "Pods/Target Support Files/Pods-StockeAR/Pods-StockeAR.debug.xcconfig"; sourceTree = "<group>"; };
		E5745E3030221367F199E7DA /* Pods_StockeAR.framework */ = {isa = PBXFileReference; explicitFileType = wrapper.framework; includeInIndex = 0; path = Pods_StockeAR.framework; sourceTree = BUILT_PRODUCTS_DIR; };
/* End PBXFileReference section */

/* Begin PBXFrameworksBuildPhase section */
		24E8A6E11F79BA0C00280D55 /* Frameworks */ = {
			isa = PBXFrameworksBuildPhase;
			buildActionMask = 2147483647;
			files = (
				7DDED13FD8B6C79AA5A090C0 /* Pods_StockeAR.framework in Frameworks */,
			);
			runOnlyForDeploymentPostprocessing = 0;
		};
/* End PBXFrameworksBuildPhase section */

/* Begin PBXGroup section */
		24B8A3CA1FB916D2008CD788 /* Model */ = {
			isa = PBXGroup;
			children = (
				24B8A3CD1FB91707008CD788 /* Entry.swift */,
				24B8A3CE1FB91707008CD788 /* Product.swift */,
				24B8A3FC1FB91979008CD788 /* Egress.swift */,
				24B8A4021FB91A84008CD788 /* Movement.swift */,
			);
			path = Model;
			sourceTree = "<group>";
		};
		24B8A3CB1FB916E0008CD788 /* View */ = {
			isa = PBXGroup;
			children = (
				24B8A3D31FB91715008CD788 /* EntryTableHeaderView.xib */,
				24B8A3D11FB91715008CD788 /* ProductTableHeaderView.xib */,
				24B8A3F41FB91885008CD788 /* EgressTableHeaderView.xib */,
				24B8A3F51FB91885008CD788 /* MovementTableHeaderView.xib */,
				24B8A3D41FB91715008CD788 /* EntryTableViewCell.swift */,
				24B8A3D51FB91715008CD788 /* EntryTableViewCell.xib */,
				24B8A3D61FB91715008CD788 /* ProductTableViewCell.swift */,
				24B8A3D21FB91715008CD788 /* ProductTableViewCell.xib */,
				24B8A3F91FB91922008CD788 /* EgressTableViewCell.swift */,
				24B8A3F81FB91922008CD788 /* EgressTableViewCell.xib */,
				24B8A3FE1FB91A0A008CD788 /* MovementTableViewCell.swift */,
				24B8A3FF1FB91A0A008CD788 /* MovementTableViewCell.xib */,
			);
			path = View;
			sourceTree = "<group>";
		};
		24B8A3CC1FB916E8008CD788 /* Controller */ = {
			isa = PBXGroup;
			children = (
				24B8A3E51FB91723008CD788 /* EgressViewController.swift */,
				24B8A3DF1FB91722008CD788 /* EgressViewController.xib */,
				24B8A3E21FB91723008CD788 /* EntryViewController.swift */,
				24B8A3E61FB91723008CD788 /* EntryViewController.xib */,
				24B8A3DE1FB91722008CD788 /* MovementsViewController.swift */,
				24B8A3E31FB91723008CD788 /* MovementsViewController.xib */,
				24B8A3E01FB91722008CD788 /* NewEntryViewController.swift */,
				24B8A3DD1FB91722008CD788 /* NewEntryViewController.xib */,
				24B8A4041FB92BD5008CD788 /* NewEgressViewController.swift */,
				24B8A4051FB92BD5008CD788 /* NewEgressViewController.xib */,
				24B8A3E11FB91722008CD788 /* StockViewController.swift */,
				24B8A3E41FB91723008CD788 /* StockViewController.xib */,
			);
			path = Controller;
			sourceTree = "<group>";
		};
		24B8A3F11FB91749008CD788 /* Helpers */ = {
			isa = PBXGroup;
			children = (
				24B8A3F21FB9175E008CD788 /* DataSource.swift */,
			);
			path = Helpers;
			sourceTree = "<group>";
		};
		24E8A6DB1F79BA0C00280D55 = {
			isa = PBXGroup;
			children = (
				24E8A6E61F79BA0C00280D55 /* StockeAR */,
				24E8A6E51F79BA0C00280D55 /* Products */,
				B47D04161990A59C189E7D40 /* Pods */,
				6B08FD8EE76F0AB2A76BFF3D /* Frameworks */,
			);
			sourceTree = "<group>";
		};
		24E8A6E51F79BA0C00280D55 /* Products */ = {
			isa = PBXGroup;
			children = (
				24E8A6E41F79BA0C00280D55 /* StockeAR.app */,
			);
			name = Products;
			sourceTree = "<group>";
		};
		24E8A6E61F79BA0C00280D55 /* StockeAR */ = {
			isa = PBXGroup;
			children = (
				24B8A3CA1FB916D2008CD788 /* Model */,
				24B8A3CB1FB916E0008CD788 /* View */,
				24B8A3CC1FB916E8008CD788 /* Controller */,
				24B8A3F11FB91749008CD788 /* Helpers */,
				24E8A6E71F79BA0C00280D55 /* AppDelegate.swift */,
				24E8A6EE1F79BA0C00280D55 /* Assets.xcassets */,
				24E8A6F01F79BA0C00280D55 /* LaunchScreen.storyboard */,
				24E8A6F31F79BA0C00280D55 /* Info.plist */,
			);
			path = StockeAR;
			sourceTree = "<group>";
		};
		6B08FD8EE76F0AB2A76BFF3D /* Frameworks */ = {
			isa = PBXGroup;
			children = (
				243DFA781FBA0AB9008AE24C /* UserNotifications.framework */,
				E5745E3030221367F199E7DA /* Pods_StockeAR.framework */,
			);
			name = Frameworks;
			sourceTree = "<group>";
		};
		B47D04161990A59C189E7D40 /* Pods */ = {
			isa = PBXGroup;
			children = (
				949A43B3E8EDB7824FF44138 /* Pods-StockeAR.debug.xcconfig */,
				79BDB6F83ADCC7E754AA3F45 /* Pods-StockeAR.release.xcconfig */,
			);
			name = Pods;
			sourceTree = "<group>";
		};
/* End PBXGroup section */

/* Begin PBXNativeTarget section */
		24E8A6E31F79BA0C00280D55 /* StockeAR */ = {
			isa = PBXNativeTarget;
			buildConfigurationList = 24E8A6F61F79BA0C00280D55 /* Build configuration list for PBXNativeTarget "StockeAR" */;
			buildPhases = (
				6349FF4A6D361A2463AC8E86 /* [CP] Check Pods Manifest.lock */,
				24E8A6E01F79BA0C00280D55 /* Sources */,
				24E8A6E11F79BA0C00280D55 /* Frameworks */,
				24E8A6E21F79BA0C00280D55 /* Resources */,
				C58615971791C85DD2C910CD /* [CP] Embed Pods Frameworks */,
				93DFD355B3C9B30A19CE800F /* [CP] Copy Pods Resources */,
			);
			buildRules = (
			);
			dependencies = (
			);
			name = StockeAR;
			productName = StockeAR;
			productReference = 24E8A6E41F79BA0C00280D55 /* StockeAR.app */;
			productType = "com.apple.product-type.application";
		};
/* End PBXNativeTarget section */

/* Begin PBXProject section */
		24E8A6DC1F79BA0C00280D55 /* Project object */ = {
			isa = PBXProject;
			attributes = {
				LastSwiftUpdateCheck = 0900;
				LastUpgradeCheck = 0900;
				ORGANIZATIONNAME = "Mauro Martinelli";
				TargetAttributes = {
					24E8A6E31F79BA0C00280D55 = {
						CreatedOnToolsVersion = 9.0;
						ProvisioningStyle = Automatic;
					};
				};
			};
			buildConfigurationList = 24E8A6DF1F79BA0C00280D55 /* Build configuration list for PBXProject "StockeAR" */;
			compatibilityVersion = "Xcode 8.0";
			developmentRegion = en;
			hasScannedForEncodings = 0;
			knownRegions = (
				en,
				Base,
			);
			mainGroup = 24E8A6DB1F79BA0C00280D55;
			productRefGroup = 24E8A6E51F79BA0C00280D55 /* Products */;
			projectDirPath = "";
			projectRoot = "";
			targets = (
				24E8A6E31F79BA0C00280D55 /* StockeAR */,
			);
		};
/* End PBXProject section */

/* Begin PBXResourcesBuildPhase section */
		24E8A6E21F79BA0C00280D55 /* Resources */ = {
			isa = PBXResourcesBuildPhase;
			buildActionMask = 2147483647;
			files = (
				24B8A3FA1FB91922008CD788 /* EgressTableViewCell.xib in Resources */,
				24B8A3ED1FB91723008CD788 /* MovementsViewController.xib in Resources */,
				24B8A3D71FB91715008CD788 /* ProductTableHeaderView.xib in Resources */,
				24B8A3E91FB91723008CD788 /* EgressViewController.xib in Resources */,
				24B8A3F61FB91885008CD788 /* EgressTableHeaderView.xib in Resources */,
				24B8A3D81FB91715008CD788 /* ProductTableViewCell.xib in Resources */,
				24B8A3DB1FB91715008CD788 /* EntryTableViewCell.xib in Resources */,
				24E8A6F21F79BA0C00280D55 /* LaunchScreen.storyboard in Resources */,
				24B8A3F01FB91723008CD788 /* EntryViewController.xib in Resources */,
				24B8A3D91FB91715008CD788 /* EntryTableHeaderView.xib in Resources */,
				24B8A3F71FB91885008CD788 /* MovementTableHeaderView.xib in Resources */,
				24B8A3E71FB91723008CD788 /* NewEntryViewController.xib in Resources */,
				24B8A4011FB91A0A008CD788 /* MovementTableViewCell.xib in Resources */,
				24E8A6EF1F79BA0C00280D55 /* Assets.xcassets in Resources */,
				24B8A4071FB92BD5008CD788 /* NewEgressViewController.xib in Resources */,
				24B8A3EE1FB91723008CD788 /* StockViewController.xib in Resources */,
			);
			runOnlyForDeploymentPostprocessing = 0;
		};
/* End PBXResourcesBuildPhase section */

/* Begin PBXShellScriptBuildPhase section */
		6349FF4A6D361A2463AC8E86 /* [CP] Check Pods Manifest.lock */ = {
			isa = PBXShellScriptBuildPhase;
			buildActionMask = 2147483647;
			files = (
			);
			inputPaths = (
				"${PODS_PODFILE_DIR_PATH}/Podfile.lock",
				"${PODS_ROOT}/Manifest.lock",
			);
			name = "[CP] Check Pods Manifest.lock";
			outputPaths = (
				"$(DERIVED_FILE_DIR)/Pods-StockeAR-checkManifestLockResult.txt",
			);
			runOnlyForDeploymentPostprocessing = 0;
			shellPath = /bin/sh;
			shellScript = "diff \"${PODS_PODFILE_DIR_PATH}/Podfile.lock\" \"${PODS_ROOT}/Manifest.lock\" > /dev/null\nif [ $? != 0 ] ; then\n    # print error to STDERR\n    echo \"error: The sandbox is not in sync with the Podfile.lock. Run 'pod install' or update your CocoaPods installation.\" >&2\n    exit 1\nfi\n# This output is used by Xcode 'outputs' to avoid re-running this script phase.\necho \"SUCCESS\" > \"${SCRIPT_OUTPUT_FILE_0}\"\n";
			showEnvVarsInLog = 0;
		};
		93DFD355B3C9B30A19CE800F /* [CP] Copy Pods Resources */ = {
			isa = PBXShellScriptBuildPhase;
			buildActionMask = 2147483647;
			files = (
			);
			inputPaths = (
				"${SRCROOT}/Pods/Target Support Files/Pods-StockeAR/Pods-StockeAR-resources.sh",
				$PODS_CONFIGURATION_BUILD_DIR/ESPullToRefresh/ESPullToRefresh.bundle,
			);
			name = "[CP] Copy Pods Resources";
			outputPaths = (
				"${TARGET_BUILD_DIR}/${UNLOCALIZED_RESOURCES_FOLDER_PATH}",
			);
			runOnlyForDeploymentPostprocessing = 0;
			shellPath = /bin/sh;
			shellScript = "\"${SRCROOT}/Pods/Target Support Files/Pods-StockeAR/Pods-StockeAR-resources.sh\"\n";
			showEnvVarsInLog = 0;
		};
		C58615971791C85DD2C910CD /* [CP] Embed Pods Frameworks */ = {
			isa = PBXShellScriptBuildPhase;
			buildActionMask = 2147483647;
			files = (
			);
			inputPaths = (
				"${SRCROOT}/Pods/Target Support Files/Pods-StockeAR/Pods-StockeAR-frameworks.sh",
				"${BUILT_PRODUCTS_DIR}/Alamofire/Alamofire.framework",
				"${BUILT_PRODUCTS_DIR}/ESPullToRefresh/ESPullToRefresh.framework",
				"${BUILT_PRODUCTS_DIR}/QRCodeReaderViewController/QRCodeReaderViewController.framework",
				"${BUILT_PRODUCTS_DIR}/SVProgressHUD/SVProgressHUD.framework",
			);
			name = "[CP] Embed Pods Frameworks";
			outputPaths = (
				"${TARGET_BUILD_DIR}/${FRAMEWORKS_FOLDER_PATH}/Alamofire.framework",
				"${TARGET_BUILD_DIR}/${FRAMEWORKS_FOLDER_PATH}/ESPullToRefresh.framework",
				"${TARGET_BUILD_DIR}/${FRAMEWORKS_FOLDER_PATH}/QRCodeReaderViewController.framework",
				"${TARGET_BUILD_DIR}/${FRAMEWORKS_FOLDER_PATH}/SVProgressHUD.framework",
			);
			runOnlyForDeploymentPostprocessing = 0;
			shellPath = /bin/sh;
			shellScript = "\"${SRCROOT}/Pods/Target Support Files/Pods-StockeAR/Pods-StockeAR-frameworks.sh\"\n";
			showEnvVarsInLog = 0;
		};
/* End PBXShellScriptBuildPhase section */

/* Begin PBXSourcesBuildPhase section */
		24E8A6E01F79BA0C00280D55 /* Sources */ = {
			isa = PBXSourcesBuildPhase;
			buildActionMask = 2147483647;
			files = (
				24B8A4001FB91A0A008CD788 /* MovementTableViewCell.swift in Sources */,
				24B8A3DA1FB91715008CD788 /* EntryTableViewCell.swift in Sources */,
				24B8A3FD1FB91979008CD788 /* Egress.swift in Sources */,
				24B8A3CF1FB91707008CD788 /* Entry.swift in Sources */,
				24B8A3DC1FB91715008CD788 /* ProductTableViewCell.swift in Sources */,
				24B8A3EF1FB91723008CD788 /* EgressViewController.swift in Sources */,
				24B8A3FB1FB91922008CD788 /* EgressTableViewCell.swift in Sources */,
				24B8A3E81FB91723008CD788 /* MovementsViewController.swift in Sources */,
				24B8A4031FB91A84008CD788 /* Movement.swift in Sources */,
				24E8A6E81F79BA0C00280D55 /* AppDelegate.swift in Sources */,
				24B8A4061FB92BD5008CD788 /* NewEgressViewController.swift in Sources */,
				24B8A3EC1FB91723008CD788 /* EntryViewController.swift in Sources */,
				24B8A3EA1FB91723008CD788 /* NewEntryViewController.swift in Sources */,
				24B8A3D01FB91707008CD788 /* Product.swift in Sources */,
				24B8A3F31FB9175E008CD788 /* DataSource.swift in Sources */,
				24B8A3EB1FB91723008CD788 /* StockViewController.swift in Sources */,
			);
			runOnlyForDeploymentPostprocessing = 0;
		};
/* End PBXSourcesBuildPhase section */

/* Begin PBXVariantGroup section */
		24E8A6F01F79BA0C00280D55 /* LaunchScreen.storyboard */ = {
			isa = PBXVariantGroup;
			children = (
				24E8A6F11F79BA0C00280D55 /* Base */,
			);
			name = LaunchScreen.storyboard;
			sourceTree = "<group>";
		};
/* End PBXVariantGroup section */

/* Begin XCBuildConfiguration section */
		24E8A6F41F79BA0C00280D55 /* Debug */ = {
			isa = XCBuildConfiguration;
			buildSettings = {
				ALWAYS_SEARCH_USER_PATHS = NO;
				CLANG_ANALYZER_NONNULL = YES;
				CLANG_ANALYZER_NUMBER_OBJECT_CONVERSION = YES_AGGRESSIVE;
				CLANG_CXX_LANGUAGE_STANDARD = "gnu++14";
				CLANG_CXX_LIBRARY = "libc++";
				CLANG_ENABLE_MODULES = YES;
				CLANG_ENABLE_OBJC_ARC = YES;
				CLANG_WARN_BLOCK_CAPTURE_AUTORELEASING = YES;
				CLANG_WARN_BOOL_CONVERSION = YES;
				CLANG_WARN_COMMA = YES;
				CLANG_WARN_CONSTANT_CONVERSION = YES;
				CLANG_WARN_DIRECT_OBJC_ISA_USAGE = YES_ERROR;
				CLANG_WARN_DOCUMENTATION_COMMENTS = YES;
				CLANG_WARN_EMPTY_BODY = YES;
				CLANG_WARN_ENUM_CONVERSION = YES;
				CLANG_WARN_INFINITE_RECURSION = YES;
				CLANG_WARN_INT_CONVERSION = YES;
				CLANG_WARN_NON_LITERAL_NULL_CONVERSION = YES;
				CLANG_WARN_OBJC_LITERAL_CONVERSION = YES;
				CLANG_WARN_OBJC_ROOT_CLASS = YES_ERROR;
				CLANG_WARN_RANGE_LOOP_ANALYSIS = YES;
				CLANG_WARN_STRICT_PROTOTYPES = YES;
				CLANG_WARN_SUSPICIOUS_MOVE = YES;
				CLANG_WARN_UNGUARDED_AVAILABILITY = YES_AGGRESSIVE;
				CLANG_WARN_UNREACHABLE_CODE = YES;
				CLANG_WARN__DUPLICATE_METHOD_MATCH = YES;
				CODE_SIGN_IDENTITY = "iPhone Developer";
				COPY_PHASE_STRIP = NO;
				DEBUG_INFORMATION_FORMAT = dwarf;
				ENABLE_STRICT_OBJC_MSGSEND = YES;
				ENABLE_TESTABILITY = YES;
				GCC_C_LANGUAGE_STANDARD = gnu11;
				GCC_DYNAMIC_NO_PIC = NO;
				GCC_NO_COMMON_BLOCKS = YES;
				GCC_OPTIMIZATION_LEVEL = 0;
				GCC_PREPROCESSOR_DEFINITIONS = (
					"DEBUG=1",
					"$(inherited)",
				);
				GCC_WARN_64_TO_32_BIT_CONVERSION = YES;
				GCC_WARN_ABOUT_RETURN_TYPE = YES_ERROR;
				GCC_WARN_UNDECLARED_SELECTOR = YES;
				GCC_WARN_UNINITIALIZED_AUTOS = YES_AGGRESSIVE;
				GCC_WARN_UNUSED_FUNCTION = YES;
				GCC_WARN_UNUSED_VARIABLE = YES;
				IPHONEOS_DEPLOYMENT_TARGET = 11.0;
				MTL_ENABLE_DEBUG_INFO = YES;
				ONLY_ACTIVE_ARCH = YES;
				SDKROOT = iphoneos;
				SWIFT_ACTIVE_COMPILATION_CONDITIONS = DEBUG;
				SWIFT_OPTIMIZATION_LEVEL = "-Onone";
			};
			name = Debug;
		};
		24E8A6F51F79BA0C00280D55 /* Release */ = {
			isa = XCBuildConfiguration;
			buildSettings = {
				ALWAYS_SEARCH_USER_PATHS = NO;
				CLANG_ANALYZER_NONNULL = YES;
				CLANG_ANALYZER_NUMBER_OBJECT_CONVERSION = YES_AGGRESSIVE;
				CLANG_CXX_LANGUAGE_STANDARD = "gnu++14";
				CLANG_CXX_LIBRARY = "libc++";
				CLANG_ENABLE_MODULES = YES;
				CLANG_ENABLE_OBJC_ARC = YES;
				CLANG_WARN_BLOCK_CAPTURE_AUTORELEASING = YES;
				CLANG_WARN_BOOL_CONVERSION = YES;
				CLANG_WARN_COMMA = YES;
				CLANG_WARN_CONSTANT_CONVERSION = YES;
				CLANG_WARN_DIRECT_OBJC_ISA_USAGE = YES_ERROR;
				CLANG_WARN_DOCUMENTATION_COMMENTS = YES;
				CLANG_WARN_EMPTY_BODY = YES;
				CLANG_WARN_ENUM_CONVERSION = YES;
				CLANG_WARN_INFINITE_RECURSION = YES;
				CLANG_WARN_INT_CONVERSION = YES;
				CLANG_WARN_NON_LITERAL_NULL_CONVERSION = YES;
				CLANG_WARN_OBJC_LITERAL_CONVERSION = YES;
				CLANG_WARN_OBJC_ROOT_CLASS = YES_ERROR;
				CLANG_WARN_RANGE_LOOP_ANALYSIS = YES;
				CLANG_WARN_STRICT_PROTOTYPES = YES;
				CLANG_WARN_SUSPICIOUS_MOVE = YES;
				CLANG_WARN_UNGUARDED_AVAILABILITY = YES_AGGRESSIVE;
				CLANG_WARN_UNREACHABLE_CODE = YES;
				CLANG_WARN__DUPLICATE_METHOD_MATCH = YES;
				CODE_SIGN_IDENTITY = "iPhone Developer";
				COPY_PHASE_STRIP = NO;
				DEBUG_INFORMATION_FORMAT = "dwarf-with-dsym";
				ENABLE_NS_ASSERTIONS = NO;
				ENABLE_STRICT_OBJC_MSGSEND = YES;
				GCC_C_LANGUAGE_STANDARD = gnu11;
				GCC_NO_COMMON_BLOCKS = YES;
				GCC_WARN_64_TO_32_BIT_CONVERSION = YES;
				GCC_WARN_ABOUT_RETURN_TYPE = YES_ERROR;
				GCC_WARN_UNDECLARED_SELECTOR = YES;
				GCC_WARN_UNINITIALIZED_AUTOS = YES_AGGRESSIVE;
				GCC_WARN_UNUSED_FUNCTION = YES;
				GCC_WARN_UNUSED_VARIABLE = YES;
				IPHONEOS_DEPLOYMENT_TARGET = 11.0;
				MTL_ENABLE_DEBUG_INFO = NO;
				SDKROOT = iphoneos;
				SWIFT_OPTIMIZATION_LEVEL = "-Owholemodule";
				VALIDATE_PRODUCT = YES;
			};
			name = Release;
		};
		24E8A6F71F79BA0C00280D55 /* Debug */ = {
			isa = XCBuildConfiguration;
			baseConfigurationReference = 949A43B3E8EDB7824FF44138 /* Pods-StockeAR.debug.xcconfig */;
			buildSettings = {
				ASSETCATALOG_COMPILER_APPICON_NAME = AppIcon;
				CODE_SIGN_STYLE = Automatic;
				DEVELOPMENT_TEAM = YL6D5F78E9;
				INFOPLIST_FILE = StockeAR/Info.plist;
				IPHONEOS_DEPLOYMENT_TARGET = 10.0;
				LD_RUNPATH_SEARCH_PATHS = "$(inherited) @executable_path/Frameworks";
				PRODUCT_BUNDLE_IDENTIFIER = com.gm.StockeAR;
				PRODUCT_NAME = "$(TARGET_NAME)";
				SWIFT_VERSION = 4.0;
				TARGETED_DEVICE_FAMILY = "1,2";
			};
			name = Debug;
		};
		24E8A6F81F79BA0C00280D55 /* Release */ = {
			isa = XCBuildConfiguration;
			baseConfigurationReference = 79BDB6F83ADCC7E754AA3F45 /* Pods-StockeAR.release.xcconfig */;
			buildSettings = {
				ASSETCATALOG_COMPILER_APPICON_NAME = AppIcon;
				CODE_SIGN_STYLE = Automatic;
				DEVELOPMENT_TEAM = YL6D5F78E9;
				INFOPLIST_FILE = StockeAR/Info.plist;
				IPHONEOS_DEPLOYMENT_TARGET = 10.0;
				LD_RUNPATH_SEARCH_PATHS = "$(inherited) @executable_path/Frameworks";
				PRODUCT_BUNDLE_IDENTIFIER = com.gm.StockeAR;
				PRODUCT_NAME = "$(TARGET_NAME)";
				SWIFT_VERSION = 4.0;
				TARGETED_DEVICE_FAMILY = "1,2";
			};
			name = Release;
		};
/* End XCBuildConfiguration section */

/* Begin XCConfigurationList section */
		24E8A6DF1F79BA0C00280D55 /* Build configuration list for PBXProject "StockeAR" */ = {
			isa = XCConfigurationList;
			buildConfigurations = (
				24E8A6F41F79BA0C00280D55 /* Debug */,
				24E8A6F51F79BA0C00280D55 /* Release */,
			);
			defaultConfigurationIsVisible = 0;
			defaultConfigurationName = Release;
		};
		24E8A6F61F79BA0C00280D55 /* Build configuration list for PBXNativeTarget "StockeAR" */ = {
			isa = XCConfigurationList;
			buildConfigurations = (
				24E8A6F71F79BA0C00280D55 /* Debug */,
				24E8A6F81F79BA0C00280D55 /* Release */,
			);
			defaultConfigurationIsVisible = 0;
			defaultConfigurationName = Release;
		};
/* End XCConfigurationList section */
	};
	rootObject = 24E8A6DC1F79BA0C00280D55 /* Project object */;
}
